
Microsoft Visual Studio Solution File, Format Version 12.00
# Visual Studio Version 16
VisualStudioVersion = 16.0.34301.259
MinimumVisualStudioVersion = 10.0.40219.1
Project("{FAE04EC0-301F-11D3-BF4B-00C04F79EFBC}") = "DoorRepairApp", "DoorRepairApp\DoorRepairApp.csproj", "{565593D2-2E29-41A9-9A69-286202F637B1}"
EndProject
Global
	GlobalSection(SolutionConfigurationPlatforms) = preSolution
		Debug|Any CPU = Debug|Any CPU
		Release|Any CPU = Release|Any CPU
	EndGlobalSection
	GlobalSection(ProjectConfigurationPlatforms) = postSolution
		{565593D2-2E29-41A9-9A69-286202F637B1}.Debug|Any CPU.ActiveCfg = Debug|Any CPU
		{565593D2-2E29-41A9-9A69-286202F637B1}.Debug|Any CPU.Build.0 = Debug|Any CPU
		{565593D2-2E29-41A9-9A69-286202F637B1}.Release|Any CPU.ActiveCfg = Release|Any CPU
		{565593D2-2E29-41A9-9A69-286202F637B1}.Release|Any CPU.Build.0 = Release|Any CPU
	EndGlobalSection
	GlobalSection(SolutionProperties) = preSolution
		HideSolutionNode = FALSE
	EndGlobalSection
	GlobalSection(ExtensibilityGlobals) = postSolution
		SolutionGuid = {E76497F7-0758-41D0-BA1D-A77CBFA7E7F6}
	EndGlobalSection
EndGlobal
